
Microsoft Visual Studio Solution File, Format Version 12.00
# Visual Studio Version 17
VisualStudioVersion = 17.5.33414.496
MinimumVisualStudioVersion = 10.0.40219.1
Project("{9A19103F-16F7-4668-BE54-9A1E7A4F7556}") = "EmployeeManagementServices", "EmployeeManagementServices.csproj", "{5D73D6EC-AC6B-481A-B0C1-FD65376EFA21}"
EndProject
Global
	GlobalSection(SolutionConfigurationPlatforms) = preSolution
		Debug|Any CPU = Debug|Any CPU
		Release|Any CPU = Release|Any CPU
	EndGlobalSection
	GlobalSection(ProjectConfigurationPlatforms) = postSolution
		{5D73D6EC-AC6B-481A-B0C1-FD65376EFA21}.Debug|Any CPU.ActiveCfg = Debug|Any CPU
		{5D73D6EC-AC6B-481A-B0C1-FD65376EFA21}.Debug|Any CPU.Build.0 = Debug|Any CPU
		{5D73D6EC-AC6B-481A-B0C1-FD65376EFA21}.Release|Any CPU.ActiveCfg = Release|Any CPU
		{5D73D6EC-AC6B-481A-B0C1-FD65376EFA21}.Release|Any CPU.Build.0 = Release|Any CPU
	EndGlobalSection
	GlobalSection(SolutionProperties) = preSolution
		HideSolutionNode = FALSE
	EndGlobalSection
	GlobalSection(ExtensibilityGlobals) = postSolution
		SolutionGuid = {A9E1C071-1BE6-4603-BEAC-F1E5D7C8A605}
	EndGlobalSection
EndGlobal
